<?xml version="1.0" encoding="utf-8"?>
<Project ToolsVersion="4.0" xmlns="http://schemas.microsoft.com/developer/msbuild/2003">
  <ItemGroup>
    <Filter Include="Source files">
      <UniqueIdentifier>{7cf708bb-06bb-403b-aaed-0c2181b01455}</UniqueIdentifier>
      <Extensions>cpp;c;cc;cxx;def;odl;idl;hpj;bat;asm;asmx</Extensions>
    </Filter>
    <Filter Include="Resource files">
      <UniqueIdentifier>{c53f000d-9f73-4b48-ba18-e1b9e26c8c43}</UniqueIdentifier>
      <Extensions>rc;ico;cur;bmp;dlg;rc2;rct;bin;rgs;gif;jpg;jpeg;jpe;resx;tiff;tif;png;wav</Extensions>
    </Filter>
    <Filter Include="Header files">
      <UniqueIdentifier>{8b8f51b5-8eec-4950-93f7-3a751ee488dd}</UniqueIdentifier>
      <Extensions>h;hpp;hxx;hm;inl;inc;xsd</Extensions>
    </Filter>
  </ItemGroup>
  <ItemGroup>
    <ClInclude Include="VisualDDKHelpers.h">
      <Filter>Header files</Filter>
    </ClInclude>
    <ClInclude Include="stdafx.h">
      <Filter>Header files</Filter>
    </ClInclude>
    <ClInclude Include="SSDT.h">
      <Filter>Header files</Filter>
    </ClInclude>
    <ClInclude Include="Kernel.h">
      <Filter>Header files</Filter>
    </ClInclude>
    <ClInclude Include="Locate.h">
      <Filter>Header files</Filter>
    </ClInclude>
    <ClInclude Include="Hook.h">
      <Filter>Header files</Filter>
    </ClInclude>
    <ClInclude Include="FunctionDef.h">
      <Filter>Header files</Filter>
    </ClInclude>
    <ClInclude Include="RopDetection.h">
      <Filter>Header files</Filter>
    </ClInclude>
  </ItemGroup>
  <ItemGroup>
    <ClCompile Include="stdafx.cpp">
      <Filter>Source files</Filter>
    </ClCompile>
    <ClCompile Include="PwnypotDrv.cpp">
      <Filter>Source files</Filter>
    </ClCompile>
    <ClCompile Include="SSDT.cpp">
      <Filter>Source files</Filter>
    </ClCompile>
    <ClCompile Include="Hook.cpp">
      <Filter>Source files</Filter>
    </ClCompile>
    <ClCompile Include="Locate.cpp">
      <Filter>Source files</Filter>
    </ClCompile>
    <ClCompile Include="Dispatch.cpp">
      <Filter>Source files</Filter>
    </ClCompile>
    <ClCompile Include="RopDetection.cpp">
      <Filter>Source files</Filter>
    </ClCompile>
  </ItemGroup>
  <ItemGroup>
    <None Include="$(ProjectDir)\sources" />
  </ItemGroup>
</Project>